
Microsoft Visual Studio Solution File, Format Version 12.00
# Visual Studio Version 17
VisualStudioVersion = 17.13.35806.99
MinimumVisualStudioVersion = 10.0.40219.1
Project("{FAE04EC0-301F-11D3-BF4B-00C04F79EFBC}") = "ProjecteSOS_Grup03API", "ProjecteSOS_Grup03API\ProjecteSOS_Grup03API.csproj", "{05C70CC6-49DC-4493-93ED-C92CCE8E4F63}"
EndProject
Project("{FAE04EC0-301F-11D3-BF4B-00C04F79EFBC}") = "ProjecteSOS_Grup03WebPage", "ProjecteSOS_Grup03WebPage\ProjecteSOS_Grup03WebPage.csproj", "{BEA27532-A2A5-4FB3-877C-09FF675EA353}"
EndProject
Global
	GlobalSection(SolutionConfigurationPlatforms) = preSolution
		Debug|Any CPU = Debug|Any CPU
		Release|Any CPU = Release|Any CPU
	EndGlobalSection
	GlobalSection(ProjectConfigurationPlatforms) = postSolution
		{05C70CC6-49DC-4493-93ED-C92CCE8E4F63}.Debug|Any CPU.ActiveCfg = Debug|Any CPU
		{05C70CC6-49DC-4493-93ED-C92CCE8E4F63}.Debug|Any CPU.Build.0 = Debug|Any CPU
		{05C70CC6-49DC-4493-93ED-C92CCE8E4F63}.Release|Any CPU.ActiveCfg = Release|Any CPU
		{05C70CC6-49DC-4493-93ED-C92CCE8E4F63}.Release|Any CPU.Build.0 = Release|Any CPU
		{BEA27532-A2A5-4FB3-877C-09FF675EA353}.Debug|Any CPU.ActiveCfg = Debug|Any CPU
		{BEA27532-A2A5-4FB3-877C-09FF675EA353}.Debug|Any CPU.Build.0 = Debug|Any CPU
		{BEA27532-A2A5-4FB3-877C-09FF675EA353}.Release|Any CPU.ActiveCfg = Release|Any CPU
		{BEA27532-A2A5-4FB3-877C-09FF675EA353}.Release|Any CPU.Build.0 = Release|Any CPU
	EndGlobalSection
	GlobalSection(SolutionProperties) = preSolution
		HideSolutionNode = FALSE
	EndGlobalSection
	GlobalSection(ExtensibilityGlobals) = postSolution
		SolutionGuid = {99EACE8C-389B-4BFC-BA4A-225D5D7057F8}
	EndGlobalSection
EndGlobal
